{
    "_readme": [
        "This file locks the dependencies of your project to a known state",
        "Read more about it at https://getcomposer.org/doc/01-basic-usage.md#installing-dependencies",
        "This file is @generated automatically"
    ],
    "content-hash": "8e48f0f9e546d33e9359f298eb8bfb55",
    "packages": [
        {
            "name": "pushkar/easy-router",
            "version": "v0.1.2",
            "source": {
                "type": "git",
                "url": "https://github.com/pushkar-anand/easy-router.git",
                "reference": "98c9fafebae2b78a94e09eebe9f46245d31fc8f7"
            },
            "dist": {
                "type": "zip",
                "url": "https://api.github.com/repos/pushkar-anand/easy-router/zipball/98c9fafebae2b78a94e09eebe9f46245d31fc8f7",
                "reference": "98c9fafebae2b78a94e09eebe9f46245d31fc8f7",
                "shasum": ""
            },
            "require": {
                "php": ">=7"
            },
            "require-dev": {
                "phpunit/phpunit": "^7"
            },
            "type": "library",
            "autoload": {
                "psr-4": {
                    "EasyRoute\\": "src"
                }
            },
            "notification-url": "https://packagist.org/downloads/",
            "license": [
                "MIT"
            ],
            "authors": [
                {
                    "name": "Pushkar Anand",
                    "email": "anandpushkar088@gmail.com"
                }
            ],
            "description": "Easiest way to add route to your php application.",
            "homepage": "https://github.com/pushkar-anand/easy-route",
            "keywords": [
                "Simple",
                "easy",
                "router"
            ],
            "time": "2018-06-17T15:42:25+00:00"
        },
        {
            "name": "pushkar/php-useful",
            "version": "v2.0.3",
            "source": {
                "type": "git",
                "url": "https://github.com/pushkar-anand/php-useful.git",
                "reference": "c56a35c09ddbdc1795e42c3493adca57c69da9b5"
            },
            "dist": {
                "type": "zip",
                "url": "https://api.github.com/repos/pushkar-anand/php-useful/zipball/c56a35c09ddbdc1795e42c3493adca57c69da9b5",
                "reference": "c56a35c09ddbdc1795e42c3493adca57c69da9b5",
                "shasum": ""
            },
            "require": {
                "ext-curl": "*",
                "ext-mysqli": "*",
                "php": ">=7.3"
            },
            "require-dev": {
                "phpunit/phpunit": "^7 || ^8"
            },
            "type": "library",
            "autoload": {
                "psr-4": {
                    "PhpUseful\\": "src"
                }
            },
            "notification-url": "https://packagist.org/downloads/",
            "license": [
                "MIT"
            ],
            "authors": [
                {
                    "name": "Pushkar Anand",
                    "email": "anandpushkar088@gmail.com"
                }
            ],
            "description": "Contains various classes and functions to many common tasks in PHP.",
            "homepage": "https://github.com/pushkar-anand/php-useful",
            "time": "2019-09-22T15:00:17+00:00"
        }
    ],
    "packages-dev": [],
    "aliases": [],
    "minimum-stability": "stable",
    "stability-flags": [],
    "prefer-stable": false,
    "prefer-lowest": false,
    "platform": [],
    "platform-dev": []
}
